// !$*UTF8*$!
{
	archiveVersion = 1;
	classes = {
	};
	objectVersion = 50;
	objects = {

/* Begin PBXBuildFile section */
		B283CE7F24BA4DB3001155DE /* AppDelegate.swift in Sources */ = {isa = PBXBuildFile; fileRef = B283CE7E24BA4DB3001155DE /* AppDelegate.swift */; };
		B283CE8124BA4DB3001155DE /* SceneDelegate.swift in Sources */ = {isa = PBXBuildFile; fileRef = B283CE8024BA4DB3001155DE /* SceneDelegate.swift */; };
		B283CE8324BA4DB3001155DE /* ViewController.swift in Sources */ = {isa = PBXBuildFile; fileRef = B283CE8224BA4DB3001155DE /* ViewController.swift */; };
		B283CE8624BA4DB3001155DE /* Main.storyboard in Resources */ = {isa = PBXBuildFile; fileRef = B283CE8424BA4DB3001155DE /* Main.storyboard */; };
		B283CE8824BA4DB5001155DE /* Assets.xcassets in Resources */ = {isa = PBXBuildFile; fileRef = B283CE8724BA4DB5001155DE /* Assets.xcassets */; };
		B283CE8B24BA4DB5001155DE /* LaunchScreen.storyboard in Resources */ = {isa = PBXBuildFile; fileRef = B283CE8924BA4DB5001155DE /* LaunchScreen.storyboard */; };
/* End PBXBuildFile section */

/* Begin PBXFileReference section */
		B283CE7B24BA4DB3001155DE /* Book Finder.app */ = {isa = PBXFileReference; explicitFileType = wrapper.application; includeInIndex = 0; path = "Book Finder.app"; sourceTree = BUILT_PRODUCTS_DIR; };
		B283CE7E24BA4DB3001155DE /* AppDelegate.swift */ = {isa = PBXFileReference; lastKnownFileType = sourcecode.swift; path = AppDelegate.swift; sourceTree = "<group>"; };
		B283CE8024BA4DB3001155DE /* SceneDelegate.swift */ = {isa = PBXFileReference; lastKnownFileType = sourcecode.swift; path = SceneDelegate.swift; sourceTree = "<group>"; };
		B283CE8224BA4DB3001155DE /* ViewController.swift */ = {isa = PBXFileReference; lastKnownFileType = sourcecode.swift; path = ViewController.swift; sourceTree = "<group>"; };
		B283CE8524BA4DB3001155DE /* Base */ = {isa = PBXFileReference; lastKnownFileType = file.storyboard; name = Base; path = Base.lproj/Main.storyboard; sourceTree = "<group>"; };
		B283CE8724BA4DB5001155DE /* Assets.xcassets */ = {isa = PBXFileReference; lastKnownFileType = folder.assetcatalog; path = Assets.xcassets; sourceTree = "<group>"; };
		B283CE8A24BA4DB5001155DE /* Base */ = {isa = PBXFileReference; lastKnownFileType = file.storyboard; name = Base; path = Base.lproj/LaunchScreen.storyboard; sourceTree = "<group>"; };
		B283CE8C24BA4DB5001155DE /* Info.plist */ = {isa = PBXFileReference; lastKnownFileType = text.plist.xml; path = Info.plist; sourceTree = "<group>"; };
/* End PBXFileReference section */

/* Begin PBXFrameworksBuildPhase section */
		B283CE7824BA4DB3001155DE /* Frameworks */ = {
			isa = PBXFrameworksBuildPhase;
			buildActionMask = 2147483647;
			files = (
			);
			runOnlyForDeploymentPostprocessing = 0;
		};
/* End PBXFrameworksBuildPhase section */

/* Begin PBXGroup section */
		B283CE7224BA4DB3001155DE = {
			isa = PBXGroup;
			children = (
				B283CE7D24BA4DB3001155DE /* Book Finder */,
				B283CE7C24BA4DB3001155DE /* Products */,
			);
			sourceTree = "<group>";
		};
		B283CE7C24BA4DB3001155DE /* Products */ = {
			isa = PBXGroup;
			children = (
				B283CE7B24BA4DB3001155DE /* Book Finder.app */,
			);
			name = Products;
			sourceTree = "<group>";
		};
		B283CE7D24BA4DB3001155DE /* Book Finder */ = {
			isa = PBXGroup;
			children = (
				B283CE7E24BA4DB3001155DE /* AppDelegate.swift */,
				B283CE8024BA4DB3001155DE /* SceneDelegate.swift */,
				B283CE8224BA4DB3001155DE /* ViewController.swift */,
				B283CE8424BA4DB3001155DE /* Main.storyboard */,
				B283CE8724BA4DB5001155DE /* Assets.xcassets */,
				B283CE8924BA4DB5001155DE /* LaunchScreen.storyboard */,
				B283CE8C24BA4DB5001155DE /* Info.plist */,
			);
			path = "Book Finder";
			sourceTree = "<group>";
		};
/* End PBXGroup section */

/* Begin PBXNativeTarget section */
		B283CE7A24BA4DB3001155DE /* Book Finder */ = {
			isa = PBXNativeTarget;
			buildConfigurationList = B283CE8F24BA4DB5001155DE /* Build configuration list for PBXNativeTarget "Book Finder" */;
			buildPhases = (
				B283CE7724BA4DB3001155DE /* Sources */,
				B283CE7824BA4DB3001155DE /* Frameworks */,
				B283CE7924BA4DB3001155DE /* Resources */,
			);
			buildRules = (
			);
			dependencies = (
			);
			name = "Book Finder";
			productName = "Book Finder";
			productReference = B283CE7B24BA4DB3001155DE /* Book Finder.app */;
			productType = "com.apple.product-type.application";
		};
/* End PBXNativeTarget section */

/* Begin PBXProject section */
		B283CE7324BA4DB3001155DE /* Project object */ = {
			isa = PBXProject;
			attributes = {
				LastSwiftUpdateCheck = 1150;
				LastUpgradeCheck = 1150;
				ORGANIZATIONNAME = "Ebubechukwu Dimobi";
				TargetAttributes = {
					B283CE7A24BA4DB3001155DE = {
						CreatedOnToolsVersion = 11.5;
					};
				};
			};
			buildConfigurationList = B283CE7624BA4DB3001155DE /* Build configuration list for PBXProject "Book Finder" */;
			compatibilityVersion = "Xcode 9.3";
			developmentRegion = en;
			hasScannedForEncodings = 0;
			knownRegions = (
				en,
				Base,
			);
			mainGroup = B283CE7224BA4DB3001155DE;
			productRefGroup = B283CE7C24BA4DB3001155DE /* Products */;
			projectDirPath = "";
			projectRoot = "";
			targets = (
				B283CE7A24BA4DB3001155DE /* Book Finder */,
			);
		};
/* End PBXProject section */

/* Begin PBXResourcesBuildPhase section */
		B283CE7924BA4DB3001155DE /* Resources */ = {
			isa = PBXResourcesBuildPhase;
			buildActionMask = 2147483647;
			files = (
				B283CE8B24BA4DB5001155DE /* LaunchScreen.storyboard in Resources */,
				B283CE8824BA4DB5001155DE /* Assets.xcassets in Resources */,
				B283CE8624BA4DB3001155DE /* Main.storyboard in Resources */,
			);
			runOnlyForDeploymentPostprocessing = 0;
		};
/* End PBXResourcesBuildPhase section */

/* Begin PBXSourcesBuildPhase section */
		B283CE7724BA4DB3001155DE /* Sources */ = {
			isa = PBXSourcesBuildPhase;
			buildActionMask = 2147483647;
			files = (
				B283CE8324BA4DB3001155DE /* ViewController.swift in Sources */,
				B283CE7F24BA4DB3001155DE /* AppDelegate.swift in Sources */,
				B283CE8124BA4DB3001155DE /* SceneDelegate.swift in Sources */,
			);
			runOnlyForDeploymentPostprocessing = 0;
		};
/* End PBXSourcesBuildPhase section */

/* Begin PBXVariantGroup section */
		B283CE8424BA4DB3001155DE /* Main.storyboard */ = {
			isa = PBXVariantGroup;
			children = (
				B283CE8524BA4DB3001155DE /* Base */,
			);
			name = Main.storyboard;
			sourceTree = "<group>";
		};
		B283CE8924BA4DB5001155DE /* LaunchScreen.storyboard */ = {
			isa = PBXVariantGroup;
			children = (
				B283CE8A24BA4DB5001155DE /* Base */,
			);
			name = LaunchScreen.storyboard;
			sourceTree = "<group>";
		};
/* End PBXVariantGroup section */

/* Begin XCBuildConfiguration section */
		B283CE8D24BA4DB5001155DE /* Debug */ = {
			isa = XCBuildConfiguration;
			buildSettings = {
				ALWAYS_SEARCH_USER_PATHS = NO;
				CLANG_ANALYZER_NONNULL = YES;
				CLANG_ANALYZER_NUMBER_OBJECT_CONVERSION = YES_AGGRESSIVE;
				CLANG_CXX_LANGUAGE_STANDARD = "gnu++14";
				CLANG_CXX_LIBRARY = "libc++";
				CLANG_ENABLE_MODULES = YES;
				CLANG_ENABLE_OBJC_ARC = YES;
				CLANG_ENABLE_OBJC_WEAK = YES;
				CLANG_WARN_BLOCK_CAPTURE_AUTORELEASING = YES;
				CLANG_WARN_BOOL_CONVERSION = YES;
				CLANG_WARN_COMMA = YES;
				CLANG_WARN_CONSTANT_CONVERSION = YES;
				CLANG_WARN_DEPRECATED_OBJC_IMPLEMENTATIONS = YES;
				CLANG_WARN_DIRECT_OBJC_ISA_USAGE = YES_ERROR;
				CLANG_WARN_DOCUMENTATION_COMMENTS = YES;
				CLANG_WARN_EMPTY_BODY = YES;
				CLANG_WARN_ENUM_CONVERSION = YES;
				CLANG_WARN_INFINITE_RECURSION = YES;
				CLANG_WARN_INT_CONVERSION = YES;
				CLANG_WARN_NON_LITERAL_NULL_CONVERSION = YES;
				CLANG_WARN_OBJC_IMPLICIT_RETAIN_SELF = YES;
				CLANG_WARN_OBJC_LITERAL_CONVERSION = YES;
				CLANG_WARN_OBJC_ROOT_CLASS = YES_ERROR;
				CLANG_WARN_RANGE_LOOP_ANALYSIS = YES;
				CLANG_WARN_STRICT_PROTOTYPES = YES;
				CLANG_WARN_SUSPICIOUS_MOVE = YES;
				CLANG_WARN_UNGUARDED_AVAILABILITY = YES_AGGRESSIVE;
				CLANG_WARN_UNREACHABLE_CODE = YES;
				CLANG_WARN__DUPLICATE_METHOD_MATCH = YES;
				COPY_PHASE_STRIP = NO;
				DEBUG_INFORMATION_FORMAT = dwarf;
				ENABLE_STRICT_OBJC_MSGSEND = YES;
				ENABLE_TESTABILITY = YES;
				GCC_C_LANGUAGE_STANDARD = gnu11;
				GCC_DYNAMIC_NO_PIC = NO;
				GCC_NO_COMMON_BLOCKS = YES;
				GCC_OPTIMIZATION_LEVEL = 0;
				GCC_PREPROCESSOR_DEFINITIONS = (
					"DEBUG=1",
					"$(inherited)",
				);
				GCC_WARN_64_TO_32_BIT_CONVERSION = YES;
				GCC_WARN_ABOUT_RETURN_TYPE = YES_ERROR;
				GCC_WARN_UNDECLARED_SELECTOR = YES;
				GCC_WARN_UNINITIALIZED_AUTOS = YES_AGGRESSIVE;
				GCC_WARN_UNUSED_FUNCTION = YES;
				GCC_WARN_UNUSED_VARIABLE = YES;
				IPHONEOS_DEPLOYMENT_TARGET = 13.5;
				MTL_ENABLE_DEBUG_INFO = INCLUDE_SOURCE;
				MTL_FAST_MATH = YES;
				ONLY_ACTIVE_ARCH = YES;
				SDKROOT = iphoneos;
				SWIFT_ACTIVE_COMPILATION_CONDITIONS = DEBUG;
				SWIFT_OPTIMIZATION_LEVEL = "-Onone";
			};
			name = Debug;
		};
		B283CE8E24BA4DB5001155DE /* Release */ = {
			isa = XCBuildConfiguration;
			buildSettings = {
				ALWAYS_SEARCH_USER_PATHS = NO;
				CLANG_ANALYZER_NONNULL = YES;
				CLANG_ANALYZER_NUMBER_OBJECT_CONVERSION = YES_AGGRESSIVE;
				CLANG_CXX_LANGUAGE_STANDARD = "gnu++14";
				CLANG_CXX_LIBRARY = "libc++";
				CLANG_ENABLE_MODULES = YES;
				CLANG_ENABLE_OBJC_ARC = YES;
				CLANG_ENABLE_OBJC_WEAK = YES;
				CLANG_WARN_BLOCK_CAPTURE_AUTORELEASING = YES;
				CLANG_WARN_BOOL_CONVERSION = YES;
				CLANG_WARN_COMMA = YES;
				CLANG_WARN_CONSTANT_CONVERSION = YES;
				CLANG_WARN_DEPRECATED_OBJC_IMPLEMENTATIONS = YES;
				CLANG_WARN_DIRECT_OBJC_ISA_USAGE = YES_ERROR;
				CLANG_WARN_DOCUMENTATION_COMMENTS = YES;
				CLANG_WARN_EMPTY_BODY = YES;
				CLANG_WARN_ENUM_CONVERSION = YES;
				CLANG_WARN_INFINITE_RECURSION = YES;
				CLANG_WARN_INT_CONVERSION = YES;
				CLANG_WARN_NON_LITERAL_NULL_CONVERSION = YES;
				CLANG_WARN_OBJC_IMPLICIT_RETAIN_SELF = YES;
				CLANG_WARN_OBJC_LITERAL_CONVERSION = YES;
				CLANG_WARN_OBJC_ROOT_CLASS = YES_ERROR;
				CLANG_WARN_RANGE_LOOP_ANALYSIS = YES;
				CLANG_WARN_STRICT_PROTOTYPES = YES;
				CLANG_WARN_SUSPICIOUS_MOVE = YES;
				CLANG_WARN_UNGUARDED_AVAILABILITY = YES_AGGRESSIVE;
				CLANG_WARN_UNREACHABLE_CODE = YES;
				CLANG_WARN__DUPLICATE_METHOD_MATCH = YES;
				COPY_PHASE_STRIP = NO;
				DEBUG_INFORMATION_FORMAT = "dwarf-with-dsym";
				ENABLE_NS_ASSERTIONS = NO;
				ENABLE_STRICT_OBJC_MSGSEND = YES;
				GCC_C_LANGUAGE_STANDARD = gnu11;
				GCC_NO_COMMON_BLOCKS = YES;
				GCC_WARN_64_TO_32_BIT_CONVERSION = YES;
				GCC_WARN_ABOUT_RETURN_TYPE = YES_ERROR;
				GCC_WARN_UNDECLARED_SELECTOR = YES;
				GCC_WARN_UNINITIALIZED_AUTOS = YES_AGGRESSIVE;
				GCC_WARN_UNUSED_FUNCTION = YES;
				GCC_WARN_UNUSED_VARIABLE = YES;
				IPHONEOS_DEPLOYMENT_TARGET = 13.5;
				MTL_ENABLE_DEBUG_INFO = NO;
				MTL_FAST_MATH = YES;
				SDKROOT = iphoneos;
				SWIFT_COMPILATION_MODE = wholemodule;
				SWIFT_OPTIMIZATION_LEVEL = "-O";
				VALIDATE_PRODUCT = YES;
			};
			name = Release;
		};
		B283CE9024BA4DB5001155DE /* Debug */ = {
			isa = XCBuildConfiguration;
			buildSettings = {
				ASSETCATALOG_COMPILER_APPICON_NAME = AppIcon;
				CODE_SIGN_STYLE = Automatic;
				DEVELOPMENT_TEAM = QMSK8P2267;
				INFOPLIST_FILE = "Book Finder/Info.plist";
				LD_RUNPATH_SEARCH_PATHS = (
					"$(inherited)",
					"@executable_path/Frameworks",
				);
				PRODUCT_BUNDLE_IDENTIFIER = "com.blazeapps.Book-Finder";
				PRODUCT_NAME = "$(TARGET_NAME)";
				SWIFT_VERSION = 5.0;
				TARGETED_DEVICE_FAMILY = "1,2";
			};
			name = Debug;
		};
		B283CE9124BA4DB5001155DE /* Release */ = {
			isa = XCBuildConfiguration;
			buildSettings = {
				ASSETCATALOG_COMPILER_APPICON_NAME = AppIcon;
				CODE_SIGN_STYLE = Automatic;
				DEVELOPMENT_TEAM = QMSK8P2267;
				INFOPLIST_FILE = "Book Finder/Info.plist";
				LD_RUNPATH_SEARCH_PATHS = (
					"$(inherited)",
					"@executable_path/Frameworks",
				);
				PRODUCT_BUNDLE_IDENTIFIER = "com.blazeapps.Book-Finder";
				PRODUCT_NAME = "$(TARGET_NAME)";
				SWIFT_VERSION = 5.0;
				TARGETED_DEVICE_FAMILY = "1,2";
			};
			name = Release;
		};
/* End XCBuildConfiguration section */

/* Begin XCConfigurationList section */
		B283CE7624BA4DB3001155DE /* Build configuration list for PBXProject "Book Finder" */ = {
			isa = XCConfigurationList;
			buildConfigurations = (
				B283CE8D24BA4DB5001155DE /* Debug */,
				B283CE8E24BA4DB5001155DE /* Release */,
			);
			defaultConfigurationIsVisible = 0;
			defaultConfigurationName = Release;
		};
		B283CE8F24BA4DB5001155DE /* Build configuration list for PBXNativeTarget "Book Finder" */ = {
			isa = XCConfigurationList;
			buildConfigurations = (
				B283CE9024BA4DB5001155DE /* Debug */,
				B283CE9124BA4DB5001155DE /* Release */,
			);
			defaultConfigurationIsVisible = 0;
			defaultConfigurationName = Release;
		};
/* End XCConfigurationList section */
	};
	rootObject = B283CE7324BA4DB3001155DE /* Project object */;
}
